
Microsoft Visual Studio Solution File, Format Version 12.00
# Visual Studio 14
VisualStudioVersion = 14.0.23107.0
MinimumVisualStudioVersion = 10.0.40219.1
Project("{FAE04EC0-301F-11D3-BF4B-00C04F79EFBC}") = "FundaScraper", "FundaScraper\FundaScraper.csproj", "{30BA240D-EA3D-4BFA-9C69-0301B1BA453D}"
EndProject
Project("{FAE04EC0-301F-11D3-BF4B-00C04F79EFBC}") = "FundaScraper.UnitTests", "FundaScraper.UnitTests\FundaScraper.UnitTests.csproj", "{6D32704F-6D6F-461C-9302-B440DCAF844E}"
EndProject
Global
	GlobalSection(SolutionConfigurationPlatforms) = preSolution
		Debug|Any CPU = Debug|Any CPU
		Release|Any CPU = Release|Any CPU
	EndGlobalSection
	GlobalSection(ProjectConfigurationPlatforms) = postSolution
		{30BA240D-EA3D-4BFA-9C69-0301B1BA453D}.Debug|Any CPU.ActiveCfg = Debug|Any CPU
		{30BA240D-EA3D-4BFA-9C69-0301B1BA453D}.Debug|Any CPU.Build.0 = Debug|Any CPU
		{30BA240D-EA3D-4BFA-9C69-0301B1BA453D}.Release|Any CPU.ActiveCfg = Release|Any CPU
		{30BA240D-EA3D-4BFA-9C69-0301B1BA453D}.Release|Any CPU.Build.0 = Release|Any CPU
		{6D32704F-6D6F-461C-9302-B440DCAF844E}.Debug|Any CPU.ActiveCfg = Debug|Any CPU
		{6D32704F-6D6F-461C-9302-B440DCAF844E}.Debug|Any CPU.Build.0 = Debug|Any CPU
		{6D32704F-6D6F-461C-9302-B440DCAF844E}.Release|Any CPU.ActiveCfg = Release|Any CPU
		{6D32704F-6D6F-461C-9302-B440DCAF844E}.Release|Any CPU.Build.0 = Release|Any CPU
	EndGlobalSection
	GlobalSection(SolutionProperties) = preSolution
		HideSolutionNode = FALSE
	EndGlobalSection
EndGlobal
